
Microsoft Visual Studio Solution File, Format Version 12.00
# Visual Studio Version 16
VisualStudioVersion = 16.0.30320.27
MinimumVisualStudioVersion = 10.0.40219.1
Project("{9A19103F-16F7-4668-BE54-9A1E7A4F7556}") = "PreFlight_API.API", "PreFlight_API\PreFlight_API.API\PreFlight_API.API.csproj", "{2B44A9A1-72BC-47AF-9057-3DCF4FE5EAB0}"
EndProject
Project("{9A19103F-16F7-4668-BE54-9A1E7A4F7556}") = "PreFlight_API.BLL", "PreFlight_API\PreFlight_API.BLL\PreFlight_API.BLL.csproj", "{467C087F-D038-4710-9900-4884BED37180}"
EndProject
Project("{9A19103F-16F7-4668-BE54-9A1E7A4F7556}") = "PreFlight_API.Configuration", "PreFlight_API\PreFlight_API.Configuration\PreFlight_API.Configuration.csproj", "{C9980EEB-6C54-49B8-98E1-92DC201203D9}"
EndProject
Project("{9A19103F-16F7-4668-BE54-9A1E7A4F7556}") = "PreFlight_API.DAL.MySql", "PreFlight_API\PreFlight_API.DAL.MySql\PreFlight_API.DAL.MySql.csproj", "{08B65860-FE9C-47F2-BC53-33E20C636011}"
EndProject
Project("{2150E333-8FDC-42A3-9474-1A3956D46DE8}") = "Tests", "Tests", "{634A80BE-8084-4506-BD49-6F1B62A19EFF}"
EndProject
Project("{9A19103F-16F7-4668-BE54-9A1E7A4F7556}") = "PreFlight_API.BLL.Tests", "PreFlight_API\PreFlight_API.BLL.Tests\PreFlight_API.BLL.Tests.csproj", "{2A3F893F-7D3B-4E2D-A9B8-BA9A833C56AB}"
EndProject
Project("{2150E333-8FDC-42A3-9474-1A3956D46DE8}") = "DbUp", "DbUp", "{B64E0BAD-67A5-4CD8-90AF-8760E7C67DF6}"
EndProject
Project("{9A19103F-16F7-4668-BE54-9A1E7A4F7556}") = "PreFlight_API.DbUp.MySql", "PreFlight_API\PreFlight_API.DbUp.MySql\PreFlight_API.DbUp.MySql.csproj", "{43262C2D-736D-4076-AD53-300A83E035E0}"
EndProject
Project("{2150E333-8FDC-42A3-9474-1A3956D46DE8}") = "PreFlight_API", "PreFlight_API", "{34DB6B28-0806-4A0D-A013-9C38E85AFBC7}"
EndProject
Project("{9A19103F-16F7-4668-BE54-9A1E7A4F7556}") = "PreFlight_Website", "PreFlight_Website\PreFlight_Website.csproj", "{EAD02A90-23EF-4FE2-9568-7E01C1CEA7A6}"
EndProject
Project("{9A19103F-16F7-4668-BE54-9A1E7A4F7556}") = "PreFlight.IDP", "PreFlight.IDP\PreFlight.IDP.csproj", "{E479765D-8CF2-4C21-A02B-8FCABA207229}"
EndProject
Global
	GlobalSection(SolutionConfigurationPlatforms) = preSolution
		Debug|Any CPU = Debug|Any CPU
		Release|Any CPU = Release|Any CPU
	EndGlobalSection
	GlobalSection(ProjectConfigurationPlatforms) = postSolution
		{2B44A9A1-72BC-47AF-9057-3DCF4FE5EAB0}.Debug|Any CPU.ActiveCfg = Debug|Any CPU
		{2B44A9A1-72BC-47AF-9057-3DCF4FE5EAB0}.Release|Any CPU.ActiveCfg = Release|Any CPU
		{2B44A9A1-72BC-47AF-9057-3DCF4FE5EAB0}.Release|Any CPU.Build.0 = Release|Any CPU
		{467C087F-D038-4710-9900-4884BED37180}.Debug|Any CPU.ActiveCfg = Debug|Any CPU
		{467C087F-D038-4710-9900-4884BED37180}.Release|Any CPU.ActiveCfg = Release|Any CPU
		{467C087F-D038-4710-9900-4884BED37180}.Release|Any CPU.Build.0 = Release|Any CPU
		{C9980EEB-6C54-49B8-98E1-92DC201203D9}.Debug|Any CPU.ActiveCfg = Debug|Any CPU
		{C9980EEB-6C54-49B8-98E1-92DC201203D9}.Release|Any CPU.ActiveCfg = Release|Any CPU
		{C9980EEB-6C54-49B8-98E1-92DC201203D9}.Release|Any CPU.Build.0 = Release|Any CPU
		{08B65860-FE9C-47F2-BC53-33E20C636011}.Debug|Any CPU.ActiveCfg = Debug|Any CPU
		{08B65860-FE9C-47F2-BC53-33E20C636011}.Release|Any CPU.ActiveCfg = Release|Any CPU
		{08B65860-FE9C-47F2-BC53-33E20C636011}.Release|Any CPU.Build.0 = Release|Any CPU
		{2A3F893F-7D3B-4E2D-A9B8-BA9A833C56AB}.Debug|Any CPU.ActiveCfg = Debug|Any CPU
		{2A3F893F-7D3B-4E2D-A9B8-BA9A833C56AB}.Release|Any CPU.ActiveCfg = Release|Any CPU
		{2A3F893F-7D3B-4E2D-A9B8-BA9A833C56AB}.Release|Any CPU.Build.0 = Release|Any CPU
		{43262C2D-736D-4076-AD53-300A83E035E0}.Debug|Any CPU.ActiveCfg = Debug|Any CPU
		{43262C2D-736D-4076-AD53-300A83E035E0}.Release|Any CPU.ActiveCfg = Release|Any CPU
		{43262C2D-736D-4076-AD53-300A83E035E0}.Release|Any CPU.Build.0 = Release|Any CPU
		{EAD02A90-23EF-4FE2-9568-7E01C1CEA7A6}.Debug|Any CPU.ActiveCfg = Debug|Any CPU
		{EAD02A90-23EF-4FE2-9568-7E01C1CEA7A6}.Release|Any CPU.ActiveCfg = Release|Any CPU
		{EAD02A90-23EF-4FE2-9568-7E01C1CEA7A6}.Release|Any CPU.Build.0 = Release|Any CPU
		{E479765D-8CF2-4C21-A02B-8FCABA207229}.Debug|Any CPU.ActiveCfg = Debug|Any CPU
		{E479765D-8CF2-4C21-A02B-8FCABA207229}.Debug|Any CPU.Build.0 = Debug|Any CPU
		{E479765D-8CF2-4C21-A02B-8FCABA207229}.Release|Any CPU.ActiveCfg = Release|Any CPU
		{E479765D-8CF2-4C21-A02B-8FCABA207229}.Release|Any CPU.Build.0 = Release|Any CPU
	EndGlobalSection
	GlobalSection(SolutionProperties) = preSolution
		HideSolutionNode = FALSE
	EndGlobalSection
	GlobalSection(NestedProjects) = preSolution
		{2B44A9A1-72BC-47AF-9057-3DCF4FE5EAB0} = {34DB6B28-0806-4A0D-A013-9C38E85AFBC7}
		{467C087F-D038-4710-9900-4884BED37180} = {34DB6B28-0806-4A0D-A013-9C38E85AFBC7}
		{C9980EEB-6C54-49B8-98E1-92DC201203D9} = {34DB6B28-0806-4A0D-A013-9C38E85AFBC7}
		{08B65860-FE9C-47F2-BC53-33E20C636011} = {34DB6B28-0806-4A0D-A013-9C38E85AFBC7}
		{634A80BE-8084-4506-BD49-6F1B62A19EFF} = {34DB6B28-0806-4A0D-A013-9C38E85AFBC7}
		{2A3F893F-7D3B-4E2D-A9B8-BA9A833C56AB} = {634A80BE-8084-4506-BD49-6F1B62A19EFF}
		{B64E0BAD-67A5-4CD8-90AF-8760E7C67DF6} = {34DB6B28-0806-4A0D-A013-9C38E85AFBC7}
		{43262C2D-736D-4076-AD53-300A83E035E0} = {B64E0BAD-67A5-4CD8-90AF-8760E7C67DF6}
	EndGlobalSection
	GlobalSection(ExtensibilityGlobals) = postSolution
		SolutionGuid = {7BFBEE38-8FB4-4E34-9791-506B3338C36C}
	EndGlobalSection
EndGlobal
